<?xml version="1.0" encoding="UTF-8" standalone="yes" ?>
<CodeBlocks_project_file>
	<FileVersion major="1" minor="6" />
	<Project>
		<Option title="Wyrm Server" />
		<Option pch_mode="2" />
		<Option compiler="gcc" />
		<Build>
			<Target title="Debug">
				<Option output="bin\Debug\Wyrm Server" prefix_auto="1" extension_auto="1" />
				<Option object_output="obj\Debug\" />
				<Option type="1" />
				<Option compiler="gcc" />
				<Compiler>
					<Add option="-g" />
					<Add option="-O0" />
				</Compiler>
			</Target>
			<Target title="Release">
				<Option output="bin\Release\Wyrm Server" prefix_auto="1" extension_auto="1" />
				<Option object_output="obj\Release\" />
				<Option type="1" />
				<Option compiler="gcc" />
				<Compiler>
					<Add option="-O2" />
				</Compiler>
				<Linker>
					<Add option="-s" />
				</Linker>
			</Target>
		</Build>
		<Compiler>
			<Add option="-Wall" />
			<Add option="-fexceptions" />
		</Compiler>
		<Linker>
			<Add library="sfml2-network-s" />
			<Add library="sfml2-system-s" />
			<Add library="pthread" />
		</Linker>
		<Unit filename="auth.cpp" />
		<Unit filename="auth.h" />
		<Unit filename="game.cpp" />
		<Unit filename="game.h" />
		<Unit filename="main.cpp" />
		<Unit filename="networkmanager.cpp" />
		<Unit filename="networkmanager.h" />
		<Unit filename="objectmanager.cpp" />
		<Unit filename="objectmanager.h" />
		<Unit filename="objects\object.cpp" />
		<Unit filename="objects\object.h" />
		<Unit filename="objects\objects.h" />
		<Unit filename="objects\planet.cpp" />
		<Unit filename="objects\planet.h" />
		<Unit filename="objects\ship.cpp" />
		<Unit filename="objects\ship.h" />
		<Unit filename="player.cpp" />
		<Unit filename="player.h" />
		<Unit filename="playermanager.cpp" />
		<Unit filename="playermanager.h" />
		<Extensions>
			<code_completion />
			<envvars />
			<debugger />
			<lib_finder disable_auto="1" />
		</Extensions>
	</Project>
</CodeBlocks_project_file>
